
Microsoft Visual Studio Solution File, Format Version 11.00
# Visual Studio 2010
Project("{FAE04EC0-301F-11D3-BF4B-00C04F79EFBC}") = "PlayingAround", "PlayingAround\PlayingAround\PlayingAround.csproj", "{C304C68F-8A56-45FE-9112-EDAC1325BF6F}"
EndProject
Project("{96E2B04D-8817-42C6-938A-82C39BA4D311}") = "PlayingAroundContent", "PlayingAround\PlayingAroundContent\PlayingAroundContent.contentproj", "{4BDB94C3-0A0E-4DD7-AD30-33A3B46B694E}"
EndProject
Global
	GlobalSection(SolutionConfigurationPlatforms) = preSolution
		Debug|x86 = Debug|x86
		Release|x86 = Release|x86
	EndGlobalSection
	GlobalSection(ProjectConfigurationPlatforms) = postSolution
		{C304C68F-8A56-45FE-9112-EDAC1325BF6F}.Debug|x86.ActiveCfg = Debug|x86
		{C304C68F-8A56-45FE-9112-EDAC1325BF6F}.Debug|x86.Build.0 = Debug|x86
		{C304C68F-8A56-45FE-9112-EDAC1325BF6F}.Release|x86.ActiveCfg = Release|x86
		{C304C68F-8A56-45FE-9112-EDAC1325BF6F}.Release|x86.Build.0 = Release|x86
		{4BDB94C3-0A0E-4DD7-AD30-33A3B46B694E}.Debug|x86.ActiveCfg = Debug|x86
		{4BDB94C3-0A0E-4DD7-AD30-33A3B46B694E}.Release|x86.ActiveCfg = Release|x86
	EndGlobalSection
	GlobalSection(SolutionProperties) = preSolution
		HideSolutionNode = FALSE
	EndGlobalSection
EndGlobal
